
Microsoft Visual Studio Solution File, Format Version 12.00
# Visual Studio Version 17
VisualStudioVersion = 17.11.35327.3
MinimumVisualStudioVersion = 10.0.40219.1
Project("{9A19103F-16F7-4668-BE54-9A1E7A4F7556}") = "GestiónDeUsuarios-App", "GestorUsuariosYTareas_App\GestiónDeUsuarios-App\GestiónDeUsuarios-App\GestiónDeUsuarios-App.csproj", "{4ED1E3A3-7DE0-420D-B7F0-E11966DE0A2C}"
EndProject
Project("{9A19103F-16F7-4668-BE54-9A1E7A4F7556}") = "ItemsDeTrabajo-App", "GestorUsuariosYTareas_App\ItemsDeTrabajo-App\ItemsDeTrabajo-App\ItemsDeTrabajo-App.csproj", "{436308D8-DA27-4659-9874-B21D868A33BE}"
EndProject
Global
	GlobalSection(SolutionConfigurationPlatforms) = preSolution
		Debug|Any CPU = Debug|Any CPU
		Release|Any CPU = Release|Any CPU
	EndGlobalSection
	GlobalSection(ProjectConfigurationPlatforms) = postSolution
		{4ED1E3A3-7DE0-420D-B7F0-E11966DE0A2C}.Debug|Any CPU.ActiveCfg = Debug|Any CPU
		{4ED1E3A3-7DE0-420D-B7F0-E11966DE0A2C}.Debug|Any CPU.Build.0 = Debug|Any CPU
		{4ED1E3A3-7DE0-420D-B7F0-E11966DE0A2C}.Release|Any CPU.ActiveCfg = Release|Any CPU
		{4ED1E3A3-7DE0-420D-B7F0-E11966DE0A2C}.Release|Any CPU.Build.0 = Release|Any CPU
		{436308D8-DA27-4659-9874-B21D868A33BE}.Debug|Any CPU.ActiveCfg = Debug|Any CPU
		{436308D8-DA27-4659-9874-B21D868A33BE}.Debug|Any CPU.Build.0 = Debug|Any CPU
		{436308D8-DA27-4659-9874-B21D868A33BE}.Release|Any CPU.ActiveCfg = Release|Any CPU
		{436308D8-DA27-4659-9874-B21D868A33BE}.Release|Any CPU.Build.0 = Release|Any CPU
	EndGlobalSection
	GlobalSection(SolutionProperties) = preSolution
		HideSolutionNode = FALSE
	EndGlobalSection
	GlobalSection(ExtensibilityGlobals) = postSolution
		SolutionGuid = {0CF64451-58B1-4D2F-BA2D-4B62897532D3}
	EndGlobalSection
EndGlobal
