
Microsoft Visual Studio Solution File, Format Version 12.00
# Visual Studio Version 17
VisualStudioVersion = 17.11.35327.3
MinimumVisualStudioVersion = 10.0.40219.1
Project("{FAE04EC0-301F-11D3-BF4B-00C04F79EFBC}") = "ItemsDeTrabajo-App", "ItemsDeTrabajo-App\ItemsDeTrabajo-App.csproj", "{F2441CD8-1102-4C8E-BE5E-FF29E1C142F7}"
EndProject
Global
	GlobalSection(SolutionConfigurationPlatforms) = preSolution
		Debug|Any CPU = Debug|Any CPU
		Release|Any CPU = Release|Any CPU
	EndGlobalSection
	GlobalSection(ProjectConfigurationPlatforms) = postSolution
		{F2441CD8-1102-4C8E-BE5E-FF29E1C142F7}.Debug|Any CPU.ActiveCfg = Debug|Any CPU
		{F2441CD8-1102-4C8E-BE5E-FF29E1C142F7}.Debug|Any CPU.Build.0 = Debug|Any CPU
		{F2441CD8-1102-4C8E-BE5E-FF29E1C142F7}.Release|Any CPU.ActiveCfg = Release|Any CPU
		{F2441CD8-1102-4C8E-BE5E-FF29E1C142F7}.Release|Any CPU.Build.0 = Release|Any CPU
	EndGlobalSection
	GlobalSection(SolutionProperties) = preSolution
		HideSolutionNode = FALSE
	EndGlobalSection
	GlobalSection(ExtensibilityGlobals) = postSolution
		SolutionGuid = {C3FEC4DC-A806-470F-AEBD-4B63DC02D927}
	EndGlobalSection
EndGlobal
